
Microsoft Visual Studio Solution File, Format Version 12.00
# Visual Studio 15
VisualStudioVersion = 15.0.28307.168
MinimumVisualStudioVersion = 10.0.40219.1
Project("{FAE04EC0-301F-11D3-BF4B-00C04F79EFBC}") = "IndicatorOnListview.Android", "IndicatorOnListview\IndicatorOnListview.Android\IndicatorOnListview.Android.csproj", "{00502C92-B61C-4834-B509-CA6557902FB0}"
EndProject
Project("{FAE04EC0-301F-11D3-BF4B-00C04F79EFBC}") = "IndicatorOnListview.iOS", "IndicatorOnListview\IndicatorOnListview.iOS\IndicatorOnListview.iOS.csproj", "{F52FE78D-E8C3-4E3C-B0A8-FC69E6974CDE}"
EndProject
Project("{FAE04EC0-301F-11D3-BF4B-00C04F79EFBC}") = "IndicatorOnListview.UWP", "IndicatorOnListview\IndicatorOnListview.UWP\IndicatorOnListview.UWP.csproj", "{D4C08222-620C-4942-B896-5161E5274D74}"
EndProject
Project("{FAE04EC0-301F-11D3-BF4B-00C04F79EFBC}") = "IndicatorOnListview", "IndicatorOnListview\IndicatorOnListview\IndicatorOnListview.csproj", "{5C836548-1B12-4A4D-AABA-50F0B8042D0E}"
EndProject
Global
	GlobalSection(SolutionConfigurationPlatforms) = preSolution
		Ad-Hoc|Any CPU = Ad-Hoc|Any CPU
		Ad-Hoc|ARM = Ad-Hoc|ARM
		Ad-Hoc|iPhone = Ad-Hoc|iPhone
		Ad-Hoc|iPhoneSimulator = Ad-Hoc|iPhoneSimulator
		Ad-Hoc|x64 = Ad-Hoc|x64
		Ad-Hoc|x86 = Ad-Hoc|x86
		AppStore|Any CPU = AppStore|Any CPU
		AppStore|ARM = AppStore|ARM
		AppStore|iPhone = AppStore|iPhone
		AppStore|iPhoneSimulator = AppStore|iPhoneSimulator
		AppStore|x64 = AppStore|x64
		AppStore|x86 = AppStore|x86
		Debug|Any CPU = Debug|Any CPU
		Debug|ARM = Debug|ARM
		Debug|iPhone = Debug|iPhone
		Debug|iPhoneSimulator = Debug|iPhoneSimulator
		Debug|x64 = Debug|x64
		Debug|x86 = Debug|x86
		Release|Any CPU = Release|Any CPU
		Release|ARM = Release|ARM
		Release|iPhone = Release|iPhone
		Release|iPhoneSimulator = Release|iPhoneSimulator
		Release|x64 = Release|x64
		Release|x86 = Release|x86
	EndGlobalSection
	GlobalSection(ProjectConfigurationPlatforms) = postSolution
		{00502C92-B61C-4834-B509-CA6557902FB0}.Ad-Hoc|Any CPU.ActiveCfg = Release|Any CPU
		{00502C92-B61C-4834-B509-CA6557902FB0}.Ad-Hoc|Any CPU.Build.0 = Release|Any CPU
		{00502C92-B61C-4834-B509-CA6557902FB0}.Ad-Hoc|Any CPU.Deploy.0 = Release|Any CPU
		{00502C92-B61C-4834-B509-CA6557902FB0}.Ad-Hoc|ARM.ActiveCfg = Release|Any CPU
		{00502C92-B61C-4834-B509-CA6557902FB0}.Ad-Hoc|ARM.Build.0 = Release|Any CPU
		{00502C92-B61C-4834-B509-CA6557902FB0}.Ad-Hoc|ARM.Deploy.0 = Release|Any CPU
		{00502C92-B61C-4834-B509-CA6557902FB0}.Ad-Hoc|iPhone.ActiveCfg = Release|Any CPU
		{00502C92-B61C-4834-B509-CA6557902FB0}.Ad-Hoc|iPhone.Build.0 = Release|Any CPU
		{00502C92-B61C-4834-B509-CA6557902FB0}.Ad-Hoc|iPhone.Deploy.0 = Release|Any CPU
		{00502C92-B61C-4834-B509-CA6557902FB0}.Ad-Hoc|iPhoneSimulator.ActiveCfg = Release|Any CPU
		{00502C92-B61C-4834-B509-CA6557902FB0}.Ad-Hoc|iPhoneSimulator.Build.0 = Release|Any CPU
		{00502C92-B61C-4834-B509-CA6557902FB0}.Ad-Hoc|iPhoneSimulator.Deploy.0 = Release|Any CPU
		{00502C92-B61C-4834-B509-CA6557902FB0}.Ad-Hoc|x64.ActiveCfg = Release|Any CPU
		{00502C92-B61C-4834-B509-CA6557902FB0}.Ad-Hoc|x64.Build.0 = Release|Any CPU
		{00502C92-B61C-4834-B509-CA6557902FB0}.Ad-Hoc|x64.Deploy.0 = Release|Any CPU
		{00502C92-B61C-4834-B509-CA6557902FB0}.Ad-Hoc|x86.ActiveCfg = Release|Any CPU
		{00502C92-B61C-4834-B509-CA6557902FB0}.Ad-Hoc|x86.Build.0 = Release|Any CPU
		{00502C92-B61C-4834-B509-CA6557902FB0}.Ad-Hoc|x86.Deploy.0 = Release|Any CPU
		{00502C92-B61C-4834-B509-CA6557902FB0}.AppStore|Any CPU.ActiveCfg = Release|Any CPU
		{00502C92-B61C-4834-B509-CA6557902FB0}.AppStore|Any CPU.Build.0 = Release|Any CPU
		{00502C92-B61C-4834-B509-CA6557902FB0}.AppStore|Any CPU.Deploy.0 = Release|Any CPU
		{00502C92-B61C-4834-B509-CA6557902FB0}.AppStore|ARM.ActiveCfg = Release|Any CPU
		{00502C92-B61C-4834-B509-CA6557902FB0}.AppStore|ARM.Build.0 = Release|Any CPU
		{00502C92-B61C-4834-B509-CA6557902FB0}.AppStore|ARM.Deploy.0 = Release|Any CPU
		{00502C92-B61C-4834-B509-CA6557902FB0}.AppStore|iPhone.ActiveCfg = Release|Any CPU
		{00502C92-B61C-4834-B509-CA6557902FB0}.AppStore|iPhone.Build.0 = Release|Any CPU
		{00502C92-B61C-4834-B509-CA6557902FB0}.AppStore|iPhone.Deploy.0 = Release|Any CPU
		{00502C92-B61C-4834-B509-CA6557902FB0}.AppStore|iPhoneSimulator.ActiveCfg = Release|Any CPU
		{00502C92-B61C-4834-B509-CA6557902FB0}.AppStore|iPhoneSimulator.Build.0 = Release|Any CPU
		{00502C92-B61C-4834-B509-CA6557902FB0}.AppStore|iPhoneSimulator.Deploy.0 = Release|Any CPU
		{00502C92-B61C-4834-B509-CA6557902FB0}.AppStore|x64.ActiveCfg = Release|Any CPU
		{00502C92-B61C-4834-B509-CA6557902FB0}.AppStore|x64.Build.0 = Release|Any CPU
		{00502C92-B61C-4834-B509-CA6557902FB0}.AppStore|x64.Deploy.0 = Release|Any CPU
		{00502C92-B61C-4834-B509-CA6557902FB0}.AppStore|x86.ActiveCfg = Release|Any CPU
		{00502C92-B61C-4834-B509-CA6557902FB0}.AppStore|x86.Build.0 = Release|Any CPU
		{00502C92-B61C-4834-B509-CA6557902FB0}.AppStore|x86.Deploy.0 = Release|Any CPU
		{00502C92-B61C-4834-B509-CA6557902FB0}.Debug|Any CPU.ActiveCfg = Debug|Any CPU
		{00502C92-B61C-4834-B509-CA6557902FB0}.Debug|Any CPU.Build.0 = Debug|Any CPU
		{00502C92-B61C-4834-B509-CA6557902FB0}.Debug|Any CPU.Deploy.0 = Debug|Any CPU
		{00502C92-B61C-4834-B509-CA6557902FB0}.Debug|ARM.ActiveCfg = Debug|Any CPU
		{00502C92-B61C-4834-B509-CA6557902FB0}.Debug|ARM.Build.0 = Debug|Any CPU
		{00502C92-B61C-4834-B509-CA6557902FB0}.Debug|ARM.Deploy.0 = Debug|Any CPU
		{00502C92-B61C-4834-B509-CA6557902FB0}.Debug|iPhone.ActiveCfg = Debug|Any CPU
		{00502C92-B61C-4834-B509-CA6557902FB0}.Debug|iPhone.Build.0 = Debug|Any CPU
		{00502C92-B61C-4834-B509-CA6557902FB0}.Debug|iPhone.Deploy.0 = Debug|Any CPU
		{00502C92-B61C-4834-B509-CA6557902FB0}.Debug|iPhoneSimulator.ActiveCfg = Debug|Any CPU
		{00502C92-B61C-4834-B509-CA6557902FB0}.Debug|iPhoneSimulator.Build.0 = Debug|Any CPU
		{00502C92-B61C-4834-B509-CA6557902FB0}.Debug|iPhoneSimulator.Deploy.0 = Debug|Any CPU
		{00502C92-B61C-4834-B509-CA6557902FB0}.Debug|x64.ActiveCfg = Debug|Any CPU
		{00502C92-B61C-4834-B509-CA6557902FB0}.Debug|x64.Build.0 = Debug|Any CPU
		{00502C92-B61C-4834-B509-CA6557902FB0}.Debug|x64.Deploy.0 = Debug|Any CPU
		{00502C92-B61C-4834-B509-CA6557902FB0}.Debug|x86.ActiveCfg = Debug|Any CPU
		{00502C92-B61C-4834-B509-CA6557902FB0}.Debug|x86.Build.0 = Debug|Any CPU
		{00502C92-B61C-4834-B509-CA6557902FB0}.Debug|x86.Deploy.0 = Debug|Any CPU
		{00502C92-B61C-4834-B509-CA6557902FB0}.Release|Any CPU.ActiveCfg = Release|Any CPU
		{00502C92-B61C-4834-B509-CA6557902FB0}.Release|Any CPU.Build.0 = Release|Any CPU
		{00502C92-B61C-4834-B509-CA6557902FB0}.Release|Any CPU.Deploy.0 = Release|Any CPU
		{00502C92-B61C-4834-B509-CA6557902FB0}.Release|ARM.ActiveCfg = Release|Any CPU
		{00502C92-B61C-4834-B509-CA6557902FB0}.Release|ARM.Build.0 = Release|Any CPU
		{00502C92-B61C-4834-B509-CA6557902FB0}.Release|ARM.Deploy.0 = Release|Any CPU
		{00502C92-B61C-4834-B509-CA6557902FB0}.Release|iPhone.ActiveCfg = Release|Any CPU
		{00502C92-B61C-4834-B509-CA6557902FB0}.Release|iPhone.Build.0 = Release|Any CPU
		{00502C92-B61C-4834-B509-CA6557902FB0}.Release|iPhone.Deploy.0 = Release|Any CPU
		{00502C92-B61C-4834-B509-CA6557902FB0}.Release|iPhoneSimulator.ActiveCfg = Release|Any CPU
		{00502C92-B61C-4834-B509-CA6557902FB0}.Release|iPhoneSimulator.Build.0 = Release|Any CPU
		{00502C92-B61C-4834-B509-CA6557902FB0}.Release|iPhoneSimulator.Deploy.0 = Release|Any CPU
		{00502C92-B61C-4834-B509-CA6557902FB0}.Release|x64.ActiveCfg = Release|Any CPU
		{00502C92-B61C-4834-B509-CA6557902FB0}.Release|x64.Build.0 = Release|Any CPU
		{00502C92-B61C-4834-B509-CA6557902FB0}.Release|x64.Deploy.0 = Release|Any CPU
		{00502C92-B61C-4834-B509-CA6557902FB0}.Release|x86.ActiveCfg = Release|Any CPU
		{00502C92-B61C-4834-B509-CA6557902FB0}.Release|x86.Build.0 = Release|Any CPU
		{00502C92-B61C-4834-B509-CA6557902FB0}.Release|x86.Deploy.0 = Release|Any CPU
		{F52FE78D-E8C3-4E3C-B0A8-FC69E6974CDE}.Ad-Hoc|Any CPU.ActiveCfg = Ad-Hoc|iPhone
		{F52FE78D-E8C3-4E3C-B0A8-FC69E6974CDE}.Ad-Hoc|Any CPU.Build.0 = Ad-Hoc|iPhone
		{F52FE78D-E8C3-4E3C-B0A8-FC69E6974CDE}.Ad-Hoc|Any CPU.Deploy.0 = Ad-Hoc|iPhone
		{F52FE78D-E8C3-4E3C-B0A8-FC69E6974CDE}.Ad-Hoc|ARM.ActiveCfg = Ad-Hoc|iPhone
		{F52FE78D-E8C3-4E3C-B0A8-FC69E6974CDE}.Ad-Hoc|ARM.Build.0 = Ad-Hoc|iPhone
		{F52FE78D-E8C3-4E3C-B0A8-FC69E6974CDE}.Ad-Hoc|ARM.Deploy.0 = Ad-Hoc|iPhone
		{F52FE78D-E8C3-4E3C-B0A8-FC69E6974CDE}.Ad-Hoc|iPhone.ActiveCfg = Ad-Hoc|iPhone
		{F52FE78D-E8C3-4E3C-B0A8-FC69E6974CDE}.Ad-Hoc|iPhone.Build.0 = Ad-Hoc|iPhone
		{F52FE78D-E8C3-4E3C-B0A8-FC69E6974CDE}.Ad-Hoc|iPhone.Deploy.0 = Ad-Hoc|iPhone
		{F52FE78D-E8C3-4E3C-B0A8-FC69E6974CDE}.Ad-Hoc|iPhoneSimulator.ActiveCfg = Ad-Hoc|iPhoneSimulator
		{F52FE78D-E8C3-4E3C-B0A8-FC69E6974CDE}.Ad-Hoc|iPhoneSimulator.Build.0 = Ad-Hoc|iPhoneSimulator
		{F52FE78D-E8C3-4E3C-B0A8-FC69E6974CDE}.Ad-Hoc|iPhoneSimulator.Deploy.0 = Ad-Hoc|iPhoneSimulator
		{F52FE78D-E8C3-4E3C-B0A8-FC69E6974CDE}.Ad-Hoc|x64.ActiveCfg = Ad-Hoc|iPhone
		{F52FE78D-E8C3-4E3C-B0A8-FC69E6974CDE}.Ad-Hoc|x64.Build.0 = Ad-Hoc|iPhone
		{F52FE78D-E8C3-4E3C-B0A8-FC69E6974CDE}.Ad-Hoc|x64.Deploy.0 = Ad-Hoc|iPhone
		{F52FE78D-E8C3-4E3C-B0A8-FC69E6974CDE}.Ad-Hoc|x86.ActiveCfg = Ad-Hoc|iPhone
		{F52FE78D-E8C3-4E3C-B0A8-FC69E6974CDE}.Ad-Hoc|x86.Build.0 = Ad-Hoc|iPhone
		{F52FE78D-E8C3-4E3C-B0A8-FC69E6974CDE}.Ad-Hoc|x86.Deploy.0 = Ad-Hoc|iPhone
		{F52FE78D-E8C3-4E3C-B0A8-FC69E6974CDE}.AppStore|Any CPU.ActiveCfg = AppStore|iPhone
		{F52FE78D-E8C3-4E3C-B0A8-FC69E6974CDE}.AppStore|Any CPU.Build.0 = AppStore|iPhone
		{F52FE78D-E8C3-4E3C-B0A8-FC69E6974CDE}.AppStore|Any CPU.Deploy.0 = AppStore|iPhone
		{F52FE78D-E8C3-4E3C-B0A8-FC69E6974CDE}.AppStore|ARM.ActiveCfg = AppStore|iPhone
		{F52FE78D-E8C3-4E3C-B0A8-FC69E6974CDE}.AppStore|ARM.Build.0 = AppStore|iPhone
		{F52FE78D-E8C3-4E3C-B0A8-FC69E6974CDE}.AppStore|ARM.Deploy.0 = AppStore|iPhone
		{F52FE78D-E8C3-4E3C-B0A8-FC69E6974CDE}.AppStore|iPhone.ActiveCfg = AppStore|iPhone
		{F52FE78D-E8C3-4E3C-B0A8-FC69E6974CDE}.AppStore|iPhone.Build.0 = AppStore|iPhone
		{F52FE78D-E8C3-4E3C-B0A8-FC69E6974CDE}.AppStore|iPhone.Deploy.0 = AppStore|iPhone
		{F52FE78D-E8C3-4E3C-B0A8-FC69E6974CDE}.AppStore|iPhoneSimulator.ActiveCfg = AppStore|iPhoneSimulator
		{F52FE78D-E8C3-4E3C-B0A8-FC69E6974CDE}.AppStore|iPhoneSimulator.Build.0 = AppStore|iPhoneSimulator
		{F52FE78D-E8C3-4E3C-B0A8-FC69E6974CDE}.AppStore|iPhoneSimulator.Deploy.0 = AppStore|iPhoneSimulator
		{F52FE78D-E8C3-4E3C-B0A8-FC69E6974CDE}.AppStore|x64.ActiveCfg = AppStore|iPhone
		{F52FE78D-E8C3-4E3C-B0A8-FC69E6974CDE}.AppStore|x64.Build.0 = AppStore|iPhone
		{F52FE78D-E8C3-4E3C-B0A8-FC69E6974CDE}.AppStore|x64.Deploy.0 = AppStore|iPhone
		{F52FE78D-E8C3-4E3C-B0A8-FC69E6974CDE}.AppStore|x86.ActiveCfg = AppStore|iPhone
		{F52FE78D-E8C3-4E3C-B0A8-FC69E6974CDE}.AppStore|x86.Build.0 = AppStore|iPhone
		{F52FE78D-E8C3-4E3C-B0A8-FC69E6974CDE}.AppStore|x86.Deploy.0 = AppStore|iPhone
		{F52FE78D-E8C3-4E3C-B0A8-FC69E6974CDE}.Debug|Any CPU.ActiveCfg = Debug|iPhoneSimulator
		{F52FE78D-E8C3-4E3C-B0A8-FC69E6974CDE}.Debug|Any CPU.Build.0 = Debug|iPhoneSimulator
		{F52FE78D-E8C3-4E3C-B0A8-FC69E6974CDE}.Debug|Any CPU.Deploy.0 = Debug|iPhoneSimulator
		{F52FE78D-E8C3-4E3C-B0A8-FC69E6974CDE}.Debug|ARM.ActiveCfg = Debug|iPhone
		{F52FE78D-E8C3-4E3C-B0A8-FC69E6974CDE}.Debug|ARM.Build.0 = Debug|iPhone
		{F52FE78D-E8C3-4E3C-B0A8-FC69E6974CDE}.Debug|ARM.Deploy.0 = Debug|iPhone
		{F52FE78D-E8C3-4E3C-B0A8-FC69E6974CDE}.Debug|iPhone.ActiveCfg = Debug|iPhone
		{F52FE78D-E8C3-4E3C-B0A8-FC69E6974CDE}.Debug|iPhone.Build.0 = Debug|iPhone
		{F52FE78D-E8C3-4E3C-B0A8-FC69E6974CDE}.Debug|iPhone.Deploy.0 = Debug|iPhone
		{F52FE78D-E8C3-4E3C-B0A8-FC69E6974CDE}.Debug|iPhoneSimulator.ActiveCfg = Debug|iPhoneSimulator
		{F52FE78D-E8C3-4E3C-B0A8-FC69E6974CDE}.Debug|iPhoneSimulator.Build.0 = Debug|iPhoneSimulator
		{F52FE78D-E8C3-4E3C-B0A8-FC69E6974CDE}.Debug|iPhoneSimulator.Deploy.0 = Debug|iPhoneSimulator
		{F52FE78D-E8C3-4E3C-B0A8-FC69E6974CDE}.Debug|x64.ActiveCfg = Debug|iPhone
		{F52FE78D-E8C3-4E3C-B0A8-FC69E6974CDE}.Debug|x64.Build.0 = Debug|iPhone
		{F52FE78D-E8C3-4E3C-B0A8-FC69E6974CDE}.Debug|x64.Deploy.0 = Debug|iPhone
		{F52FE78D-E8C3-4E3C-B0A8-FC69E6974CDE}.Debug|x86.ActiveCfg = Debug|iPhone
		{F52FE78D-E8C3-4E3C-B0A8-FC69E6974CDE}.Debug|x86.Build.0 = Debug|iPhone
		{F52FE78D-E8C3-4E3C-B0A8-FC69E6974CDE}.Debug|x86.Deploy.0 = Debug|iPhone
		{F52FE78D-E8C3-4E3C-B0A8-FC69E6974CDE}.Release|Any CPU.ActiveCfg = Release|iPhone
		{F52FE78D-E8C3-4E3C-B0A8-FC69E6974CDE}.Release|Any CPU.Build.0 = Release|iPhone
		{F52FE78D-E8C3-4E3C-B0A8-FC69E6974CDE}.Release|Any CPU.Deploy.0 = Release|iPhone
		{F52FE78D-E8C3-4E3C-B0A8-FC69E6974CDE}.Release|ARM.ActiveCfg = Release|iPhone
		{F52FE78D-E8C3-4E3C-B0A8-FC69E6974CDE}.Release|ARM.Build.0 = Release|iPhone
		{F52FE78D-E8C3-4E3C-B0A8-FC69E6974CDE}.Release|ARM.Deploy.0 = Release|iPhone
		{F52FE78D-E8C3-4E3C-B0A8-FC69E6974CDE}.Release|iPhone.ActiveCfg = Release|iPhone
		{F52FE78D-E8C3-4E3C-B0A8-FC69E6974CDE}.Release|iPhone.Build.0 = Release|iPhone
		{F52FE78D-E8C3-4E3C-B0A8-FC69E6974CDE}.Release|iPhone.Deploy.0 = Release|iPhone
		{F52FE78D-E8C3-4E3C-B0A8-FC69E6974CDE}.Release|iPhoneSimulator.ActiveCfg = Release|iPhoneSimulator
		{F52FE78D-E8C3-4E3C-B0A8-FC69E6974CDE}.Release|iPhoneSimulator.Build.0 = Release|iPhoneSimulator
		{F52FE78D-E8C3-4E3C-B0A8-FC69E6974CDE}.Release|iPhoneSimulator.Deploy.0 = Release|iPhoneSimulator
		{F52FE78D-E8C3-4E3C-B0A8-FC69E6974CDE}.Release|x64.ActiveCfg = Release|iPhone
		{F52FE78D-E8C3-4E3C-B0A8-FC69E6974CDE}.Release|x64.Build.0 = Release|iPhone
		{F52FE78D-E8C3-4E3C-B0A8-FC69E6974CDE}.Release|x64.Deploy.0 = Release|iPhone
		{F52FE78D-E8C3-4E3C-B0A8-FC69E6974CDE}.Release|x86.ActiveCfg = Release|iPhone
		{F52FE78D-E8C3-4E3C-B0A8-FC69E6974CDE}.Release|x86.Build.0 = Release|iPhone
		{F52FE78D-E8C3-4E3C-B0A8-FC69E6974CDE}.Release|x86.Deploy.0 = Release|iPhone
		{D4C08222-620C-4942-B896-5161E5274D74}.Ad-Hoc|Any CPU.ActiveCfg = Release|x86
		{D4C08222-620C-4942-B896-5161E5274D74}.Ad-Hoc|Any CPU.Build.0 = Release|x86
		{D4C08222-620C-4942-B896-5161E5274D74}.Ad-Hoc|Any CPU.Deploy.0 = Release|x86
		{D4C08222-620C-4942-B896-5161E5274D74}.Ad-Hoc|ARM.ActiveCfg = Release|ARM
		{D4C08222-620C-4942-B896-5161E5274D74}.Ad-Hoc|ARM.Build.0 = Release|ARM
		{D4C08222-620C-4942-B896-5161E5274D74}.Ad-Hoc|ARM.Deploy.0 = Release|ARM
		{D4C08222-620C-4942-B896-5161E5274D74}.Ad-Hoc|iPhone.ActiveCfg = Release|x86
		{D4C08222-620C-4942-B896-5161E5274D74}.Ad-Hoc|iPhone.Build.0 = Release|x86
		{D4C08222-620C-4942-B896-5161E5274D74}.Ad-Hoc|iPhone.Deploy.0 = Release|x86
		{D4C08222-620C-4942-B896-5161E5274D74}.Ad-Hoc|iPhoneSimulator.ActiveCfg = Release|x86
		{D4C08222-620C-4942-B896-5161E5274D74}.Ad-Hoc|iPhoneSimulator.Build.0 = Release|x86
		{D4C08222-620C-4942-B896-5161E5274D74}.Ad-Hoc|iPhoneSimulator.Deploy.0 = Release|x86
		{D4C08222-620C-4942-B896-5161E5274D74}.Ad-Hoc|x64.ActiveCfg = Release|x64
		{D4C08222-620C-4942-B896-5161E5274D74}.Ad-Hoc|x64.Build.0 = Release|x64
		{D4C08222-620C-4942-B896-5161E5274D74}.Ad-Hoc|x64.Deploy.0 = Release|x64
		{D4C08222-620C-4942-B896-5161E5274D74}.Ad-Hoc|x86.ActiveCfg = Release|x86
		{D4C08222-620C-4942-B896-5161E5274D74}.Ad-Hoc|x86.Build.0 = Release|x86
		{D4C08222-620C-4942-B896-5161E5274D74}.Ad-Hoc|x86.Deploy.0 = Release|x86
		{D4C08222-620C-4942-B896-5161E5274D74}.AppStore|Any CPU.ActiveCfg = Release|x86
		{D4C08222-620C-4942-B896-5161E5274D74}.AppStore|Any CPU.Build.0 = Release|x86
		{D4C08222-620C-4942-B896-5161E5274D74}.AppStore|Any CPU.Deploy.0 = Release|x86
		{D4C08222-620C-4942-B896-5161E5274D74}.AppStore|ARM.ActiveCfg = Release|ARM
		{D4C08222-620C-4942-B896-5161E5274D74}.AppStore|ARM.Build.0 = Release|ARM
		{D4C08222-620C-4942-B896-5161E5274D74}.AppStore|ARM.Deploy.0 = Release|ARM
		{D4C08222-620C-4942-B896-5161E5274D74}.AppStore|iPhone.ActiveCfg = Release|x86
		{D4C08222-620C-4942-B896-5161E5274D74}.AppStore|iPhone.Build.0 = Release|x86
		{D4C08222-620C-4942-B896-5161E5274D74}.AppStore|iPhone.Deploy.0 = Release|x86
		{D4C08222-620C-4942-B896-5161E5274D74}.AppStore|iPhoneSimulator.ActiveCfg = Release|x86
		{D4C08222-620C-4942-B896-5161E5274D74}.AppStore|iPhoneSimulator.Build.0 = Release|x86
		{D4C08222-620C-4942-B896-5161E5274D74}.AppStore|iPhoneSimulator.Deploy.0 = Release|x86
		{D4C08222-620C-4942-B896-5161E5274D74}.AppStore|x64.ActiveCfg = Release|x64
		{D4C08222-620C-4942-B896-5161E5274D74}.AppStore|x64.Build.0 = Release|x64
		{D4C08222-620C-4942-B896-5161E5274D74}.AppStore|x64.Deploy.0 = Release|x64
		{D4C08222-620C-4942-B896-5161E5274D74}.AppStore|x86.ActiveCfg = Release|x86
		{D4C08222-620C-4942-B896-5161E5274D74}.AppStore|x86.Build.0 = Release|x86
		{D4C08222-620C-4942-B896-5161E5274D74}.AppStore|x86.Deploy.0 = Release|x86
		{D4C08222-620C-4942-B896-5161E5274D74}.Debug|Any CPU.ActiveCfg = Debug|x86
		{D4C08222-620C-4942-B896-5161E5274D74}.Debug|Any CPU.Build.0 = Debug|x86
		{D4C08222-620C-4942-B896-5161E5274D74}.Debug|Any CPU.Deploy.0 = Debug|x86
		{D4C08222-620C-4942-B896-5161E5274D74}.Debug|ARM.ActiveCfg = Debug|ARM
		{D4C08222-620C-4942-B896-5161E5274D74}.Debug|ARM.Build.0 = Debug|ARM
		{D4C08222-620C-4942-B896-5161E5274D74}.Debug|ARM.Deploy.0 = Debug|ARM
		{D4C08222-620C-4942-B896-5161E5274D74}.Debug|iPhone.ActiveCfg = Debug|x86
		{D4C08222-620C-4942-B896-5161E5274D74}.Debug|iPhone.Build.0 = Debug|x86
		{D4C08222-620C-4942-B896-5161E5274D74}.Debug|iPhone.Deploy.0 = Debug|x86
		{D4C08222-620C-4942-B896-5161E5274D74}.Debug|iPhoneSimulator.ActiveCfg = Debug|x86
		{D4C08222-620C-4942-B896-5161E5274D74}.Debug|iPhoneSimulator.Build.0 = Debug|x86
		{D4C08222-620C-4942-B896-5161E5274D74}.Debug|iPhoneSimulator.Deploy.0 = Debug|x86
		{D4C08222-620C-4942-B896-5161E5274D74}.Debug|x64.ActiveCfg = Debug|x64
		{D4C08222-620C-4942-B896-5161E5274D74}.Debug|x64.Build.0 = Debug|x64
		{D4C08222-620C-4942-B896-5161E5274D74}.Debug|x64.Deploy.0 = Debug|x64
		{D4C08222-620C-4942-B896-5161E5274D74}.Debug|x86.ActiveCfg = Debug|x86
		{D4C08222-620C-4942-B896-5161E5274D74}.Debug|x86.Build.0 = Debug|x86
		{D4C08222-620C-4942-B896-5161E5274D74}.Debug|x86.Deploy.0 = Debug|x86
		{D4C08222-620C-4942-B896-5161E5274D74}.Release|Any CPU.ActiveCfg = Release|x86
		{D4C08222-620C-4942-B896-5161E5274D74}.Release|Any CPU.Build.0 = Release|x86
		{D4C08222-620C-4942-B896-5161E5274D74}.Release|Any CPU.Deploy.0 = Release|x86
		{D4C08222-620C-4942-B896-5161E5274D74}.Release|ARM.ActiveCfg = Release|ARM
		{D4C08222-620C-4942-B896-5161E5274D74}.Release|ARM.Build.0 = Release|ARM
		{D4C08222-620C-4942-B896-5161E5274D74}.Release|ARM.Deploy.0 = Release|ARM
		{D4C08222-620C-4942-B896-5161E5274D74}.Release|iPhone.ActiveCfg = Release|x86
		{D4C08222-620C-4942-B896-5161E5274D74}.Release|iPhone.Build.0 = Release|x86
		{D4C08222-620C-4942-B896-5161E5274D74}.Release|iPhone.Deploy.0 = Release|x86
		{D4C08222-620C-4942-B896-5161E5274D74}.Release|iPhoneSimulator.ActiveCfg = Release|x86
		{D4C08222-620C-4942-B896-5161E5274D74}.Release|iPhoneSimulator.Build.0 = Release|x86
		{D4C08222-620C-4942-B896-5161E5274D74}.Release|iPhoneSimulator.Deploy.0 = Release|x86
		{D4C08222-620C-4942-B896-5161E5274D74}.Release|x64.ActiveCfg = Release|x64
		{D4C08222-620C-4942-B896-5161E5274D74}.Release|x64.Build.0 = Release|x64
		{D4C08222-620C-4942-B896-5161E5274D74}.Release|x64.Deploy.0 = Release|x64
		{D4C08222-620C-4942-B896-5161E5274D74}.Release|x86.ActiveCfg = Release|x86
		{D4C08222-620C-4942-B896-5161E5274D74}.Release|x86.Build.0 = Release|x86
		{D4C08222-620C-4942-B896-5161E5274D74}.Release|x86.Deploy.0 = Release|x86
		{5C836548-1B12-4A4D-AABA-50F0B8042D0E}.Ad-Hoc|Any CPU.ActiveCfg = Debug|Any CPU
		{5C836548-1B12-4A4D-AABA-50F0B8042D0E}.Ad-Hoc|Any CPU.Build.0 = Debug|Any CPU
		{5C836548-1B12-4A4D-AABA-50F0B8042D0E}.Ad-Hoc|Any CPU.Deploy.0 = Debug|Any CPU
		{5C836548-1B12-4A4D-AABA-50F0B8042D0E}.Ad-Hoc|ARM.ActiveCfg = Debug|Any CPU
		{5C836548-1B12-4A4D-AABA-50F0B8042D0E}.Ad-Hoc|ARM.Build.0 = Debug|Any CPU
		{5C836548-1B12-4A4D-AABA-50F0B8042D0E}.Ad-Hoc|ARM.Deploy.0 = Debug|Any CPU
		{5C836548-1B12-4A4D-AABA-50F0B8042D0E}.Ad-Hoc|iPhone.ActiveCfg = Debug|Any CPU
		{5C836548-1B12-4A4D-AABA-50F0B8042D0E}.Ad-Hoc|iPhone.Build.0 = Debug|Any CPU
		{5C836548-1B12-4A4D-AABA-50F0B8042D0E}.Ad-Hoc|iPhone.Deploy.0 = Debug|Any CPU
		{5C836548-1B12-4A4D-AABA-50F0B8042D0E}.Ad-Hoc|iPhoneSimulator.ActiveCfg = Debug|Any CPU
		{5C836548-1B12-4A4D-AABA-50F0B8042D0E}.Ad-Hoc|iPhoneSimulator.Build.0 = Debug|Any CPU
		{5C836548-1B12-4A4D-AABA-50F0B8042D0E}.Ad-Hoc|iPhoneSimulator.Deploy.0 = Debug|Any CPU
		{5C836548-1B12-4A4D-AABA-50F0B8042D0E}.Ad-Hoc|x64.ActiveCfg = Debug|Any CPU
		{5C836548-1B12-4A4D-AABA-50F0B8042D0E}.Ad-Hoc|x64.Build.0 = Debug|Any CPU
		{5C836548-1B12-4A4D-AABA-50F0B8042D0E}.Ad-Hoc|x64.Deploy.0 = Debug|Any CPU
		{5C836548-1B12-4A4D-AABA-50F0B8042D0E}.Ad-Hoc|x86.ActiveCfg = Debug|Any CPU
		{5C836548-1B12-4A4D-AABA-50F0B8042D0E}.Ad-Hoc|x86.Build.0 = Debug|Any CPU
		{5C836548-1B12-4A4D-AABA-50F0B8042D0E}.Ad-Hoc|x86.Deploy.0 = Debug|Any CPU
		{5C836548-1B12-4A4D-AABA-50F0B8042D0E}.AppStore|Any CPU.ActiveCfg = Debug|Any CPU
		{5C836548-1B12-4A4D-AABA-50F0B8042D0E}.AppStore|Any CPU.Build.0 = Debug|Any CPU
		{5C836548-1B12-4A4D-AABA-50F0B8042D0E}.AppStore|Any CPU.Deploy.0 = Debug|Any CPU
		{5C836548-1B12-4A4D-AABA-50F0B8042D0E}.AppStore|ARM.ActiveCfg = Debug|Any CPU
		{5C836548-1B12-4A4D-AABA-50F0B8042D0E}.AppStore|ARM.Build.0 = Debug|Any CPU
		{5C836548-1B12-4A4D-AABA-50F0B8042D0E}.AppStore|ARM.Deploy.0 = Debug|Any CPU
		{5C836548-1B12-4A4D-AABA-50F0B8042D0E}.AppStore|iPhone.ActiveCfg = Debug|Any CPU
		{5C836548-1B12-4A4D-AABA-50F0B8042D0E}.AppStore|iPhone.Build.0 = Debug|Any CPU
		{5C836548-1B12-4A4D-AABA-50F0B8042D0E}.AppStore|iPhone.Deploy.0 = Debug|Any CPU
		{5C836548-1B12-4A4D-AABA-50F0B8042D0E}.AppStore|iPhoneSimulator.ActiveCfg = Debug|Any CPU
		{5C836548-1B12-4A4D-AABA-50F0B8042D0E}.AppStore|iPhoneSimulator.Build.0 = Debug|Any CPU
		{5C836548-1B12-4A4D-AABA-50F0B8042D0E}.AppStore|iPhoneSimulator.Deploy.0 = Debug|Any CPU
		{5C836548-1B12-4A4D-AABA-50F0B8042D0E}.AppStore|x64.ActiveCfg = Debug|Any CPU
		{5C836548-1B12-4A4D-AABA-50F0B8042D0E}.AppStore|x64.Build.0 = Debug|Any CPU
		{5C836548-1B12-4A4D-AABA-50F0B8042D0E}.AppStore|x64.Deploy.0 = Debug|Any CPU
		{5C836548-1B12-4A4D-AABA-50F0B8042D0E}.AppStore|x86.ActiveCfg = Debug|Any CPU
		{5C836548-1B12-4A4D-AABA-50F0B8042D0E}.AppStore|x86.Build.0 = Debug|Any CPU
		{5C836548-1B12-4A4D-AABA-50F0B8042D0E}.AppStore|x86.Deploy.0 = Debug|Any CPU
		{5C836548-1B12-4A4D-AABA-50F0B8042D0E}.Debug|Any CPU.ActiveCfg = Debug|Any CPU
		{5C836548-1B12-4A4D-AABA-50F0B8042D0E}.Debug|Any CPU.Build.0 = Debug|Any CPU
		{5C836548-1B12-4A4D-AABA-50F0B8042D0E}.Debug|Any CPU.Deploy.0 = Debug|Any CPU
		{5C836548-1B12-4A4D-AABA-50F0B8042D0E}.Debug|ARM.ActiveCfg = Debug|Any CPU
		{5C836548-1B12-4A4D-AABA-50F0B8042D0E}.Debug|ARM.Build.0 = Debug|Any CPU
		{5C836548-1B12-4A4D-AABA-50F0B8042D0E}.Debug|ARM.Deploy.0 = Debug|Any CPU
		{5C836548-1B12-4A4D-AABA-50F0B8042D0E}.Debug|iPhone.ActiveCfg = Debug|Any CPU
		{5C836548-1B12-4A4D-AABA-50F0B8042D0E}.Debug|iPhone.Build.0 = Debug|Any CPU
		{5C836548-1B12-4A4D-AABA-50F0B8042D0E}.Debug|iPhone.Deploy.0 = Debug|Any CPU
		{5C836548-1B12-4A4D-AABA-50F0B8042D0E}.Debug|iPhoneSimulator.ActiveCfg = Debug|Any CPU
		{5C836548-1B12-4A4D-AABA-50F0B8042D0E}.Debug|iPhoneSimulator.Build.0 = Debug|Any CPU
		{5C836548-1B12-4A4D-AABA-50F0B8042D0E}.Debug|iPhoneSimulator.Deploy.0 = Debug|Any CPU
		{5C836548-1B12-4A4D-AABA-50F0B8042D0E}.Debug|x64.ActiveCfg = Debug|Any CPU
		{5C836548-1B12-4A4D-AABA-50F0B8042D0E}.Debug|x64.Build.0 = Debug|Any CPU
		{5C836548-1B12-4A4D-AABA-50F0B8042D0E}.Debug|x64.Deploy.0 = Debug|Any CPU
		{5C836548-1B12-4A4D-AABA-50F0B8042D0E}.Debug|x86.ActiveCfg = Debug|Any CPU
		{5C836548-1B12-4A4D-AABA-50F0B8042D0E}.Debug|x86.Build.0 = Debug|Any CPU
		{5C836548-1B12-4A4D-AABA-50F0B8042D0E}.Debug|x86.Deploy.0 = Debug|Any CPU
		{5C836548-1B12-4A4D-AABA-50F0B8042D0E}.Release|Any CPU.ActiveCfg = Release|Any CPU
		{5C836548-1B12-4A4D-AABA-50F0B8042D0E}.Release|Any CPU.Build.0 = Release|Any CPU
		{5C836548-1B12-4A4D-AABA-50F0B8042D0E}.Release|Any CPU.Deploy.0 = Release|Any CPU
		{5C836548-1B12-4A4D-AABA-50F0B8042D0E}.Release|ARM.ActiveCfg = Release|Any CPU
		{5C836548-1B12-4A4D-AABA-50F0B8042D0E}.Release|ARM.Build.0 = Release|Any CPU
		{5C836548-1B12-4A4D-AABA-50F0B8042D0E}.Release|ARM.Deploy.0 = Release|Any CPU
		{5C836548-1B12-4A4D-AABA-50F0B8042D0E}.Release|iPhone.ActiveCfg = Release|Any CPU
		{5C836548-1B12-4A4D-AABA-50F0B8042D0E}.Release|iPhone.Build.0 = Release|Any CPU
		{5C836548-1B12-4A4D-AABA-50F0B8042D0E}.Release|iPhone.Deploy.0 = Release|Any CPU
		{5C836548-1B12-4A4D-AABA-50F0B8042D0E}.Release|iPhoneSimulator.ActiveCfg = Release|Any CPU
		{5C836548-1B12-4A4D-AABA-50F0B8042D0E}.Release|iPhoneSimulator.Build.0 = Release|Any CPU
		{5C836548-1B12-4A4D-AABA-50F0B8042D0E}.Release|iPhoneSimulator.Deploy.0 = Release|Any CPU
		{5C836548-1B12-4A4D-AABA-50F0B8042D0E}.Release|x64.ActiveCfg = Release|Any CPU
		{5C836548-1B12-4A4D-AABA-50F0B8042D0E}.Release|x64.Build.0 = Release|Any CPU
		{5C836548-1B12-4A4D-AABA-50F0B8042D0E}.Release|x64.Deploy.0 = Release|Any CPU
		{5C836548-1B12-4A4D-AABA-50F0B8042D0E}.Release|x86.ActiveCfg = Release|Any CPU
		{5C836548-1B12-4A4D-AABA-50F0B8042D0E}.Release|x86.Build.0 = Release|Any CPU
		{5C836548-1B12-4A4D-AABA-50F0B8042D0E}.Release|x86.Deploy.0 = Release|Any CPU
	EndGlobalSection
	GlobalSection(SolutionProperties) = preSolution
		HideSolutionNode = FALSE
	EndGlobalSection
	GlobalSection(ExtensibilityGlobals) = postSolution
		SolutionGuid = {062E8B38-0A3F-42CE-ABDA-B43FA6DE3936}
	EndGlobalSection
EndGlobal
